
Microsoft Visual Studio Solution File, Format Version 12.00
# Visual Studio 15
VisualStudioVersion = 15.0.27130.2010
MinimumVisualStudioVersion = 10.0.40219.1
Project("{8BC9CEB8-8B4A-11D0-8D11-00A0C91BC942}") = "heart-attack", "heart-attack.vcxproj", "{83A9D24C-D5FD-4BD9-BD60-DB6F4EBFA890}"
EndProject
Global
	GlobalSection(SolutionConfigurationPlatforms) = preSolution
		Debug|x86 = Debug|x86
		Release|x86 = Release|x86
	EndGlobalSection
	GlobalSection(ProjectConfigurationPlatforms) = postSolution
		{83A9D24C-D5FD-4BD9-BD60-DB6F4EBFA890}.Debug|x86.ActiveCfg = Debug|Win32
		{83A9D24C-D5FD-4BD9-BD60-DB6F4EBFA890}.Debug|x86.Build.0 = Debug|Win32
		{83A9D24C-D5FD-4BD9-BD60-DB6F4EBFA890}.Release|x86.ActiveCfg = Release|Win32
		{83A9D24C-D5FD-4BD9-BD60-DB6F4EBFA890}.Release|x86.Build.0 = Release|Win32
	EndGlobalSection
	GlobalSection(SolutionProperties) = preSolution
		HideSolutionNode = FALSE
	EndGlobalSection
	GlobalSection(ExtensibilityGlobals) = postSolution
		SolutionGuid = {3099EA2B-0230-4474-B3ED-53F0A93D18A8}
	EndGlobalSection
EndGlobal
